
Microsoft Visual Studio Solution File, Format Version 12.00
# Visual Studio Version 16
VisualStudioVersion = 16.0.30523.141
MinimumVisualStudioVersion = 10.0.40219.1
Project("{FAE04EC0-301F-11D3-BF4B-00C04F79EFBC}") = "ExceptionsPratics", "ExceptionsPratics\ExceptionsPratics.csproj", "{D6ADD7B9-FEAD-43B6-917A-54776D1F055B}"
EndProject
Global
	GlobalSection(SolutionConfigurationPlatforms) = preSolution
		Debug|Any CPU = Debug|Any CPU
		Release|Any CPU = Release|Any CPU
	EndGlobalSection
	GlobalSection(ProjectConfigurationPlatforms) = postSolution
		{D6ADD7B9-FEAD-43B6-917A-54776D1F055B}.Debug|Any CPU.ActiveCfg = Debug|Any CPU
		{D6ADD7B9-FEAD-43B6-917A-54776D1F055B}.Debug|Any CPU.Build.0 = Debug|Any CPU
		{D6ADD7B9-FEAD-43B6-917A-54776D1F055B}.Release|Any CPU.ActiveCfg = Release|Any CPU
		{D6ADD7B9-FEAD-43B6-917A-54776D1F055B}.Release|Any CPU.Build.0 = Release|Any CPU
	EndGlobalSection
	GlobalSection(SolutionProperties) = preSolution
		HideSolutionNode = FALSE
	EndGlobalSection
	GlobalSection(ExtensibilityGlobals) = postSolution
		SolutionGuid = {B888CAA2-511E-46D7-AA58-FF9A716D8155}
	EndGlobalSection
EndGlobal
